
Microsoft Visual Studio Solution File, Format Version 12.00
# Visual Studio Version 17
VisualStudioVersion = 17.6.33829.357
MinimumVisualStudioVersion = 10.0.40219.1
Project("{FAE04EC0-301F-11D3-BF4B-00C04F79EFBC}") = "NetProxy.Library", "NetProxy.Library\NetProxy.Library.csproj", "{481595BC-3AD5-494B-9607-329291654078}"
EndProject
Project("{FAE04EC0-301F-11D3-BF4B-00C04F79EFBC}") = "NetProxy.Service", "NetProxy.Service\NetProxy.Service.csproj", "{E7DD34E9-0511-4D18-94F4-54CCF9AA29B4}"
EndProject
Project("{FAE04EC0-301F-11D3-BF4B-00C04F79EFBC}") = "NetProxy.Client", "NetProxy.Client\NetProxy.Client.csproj", "{AB9C1235-5810-4AA0-B337-6386FC8FE8CE}"
EndProject
Project("{FAE04EC0-301F-11D3-BF4B-00C04F79EFBC}") = "NetProxy.Hub", "NetProxy.Hub\NetProxy.Hub.csproj", "{C5AF6D1B-E2B0-4A8D-908B-E8AF55E1645E}"
EndProject
Global
	GlobalSection(SolutionConfigurationPlatforms) = preSolution
		Debug|Any CPU = Debug|Any CPU
		Release|Any CPU = Release|Any CPU
	EndGlobalSection
	GlobalSection(ProjectConfigurationPlatforms) = postSolution
		{481595BC-3AD5-494B-9607-329291654078}.Debug|Any CPU.ActiveCfg = Debug|Any CPU
		{481595BC-3AD5-494B-9607-329291654078}.Debug|Any CPU.Build.0 = Debug|Any CPU
		{481595BC-3AD5-494B-9607-329291654078}.Release|Any CPU.ActiveCfg = Release|Any CPU
		{481595BC-3AD5-494B-9607-329291654078}.Release|Any CPU.Build.0 = Release|Any CPU
		{E7DD34E9-0511-4D18-94F4-54CCF9AA29B4}.Debug|Any CPU.ActiveCfg = Debug|Any CPU
		{E7DD34E9-0511-4D18-94F4-54CCF9AA29B4}.Debug|Any CPU.Build.0 = Debug|Any CPU
		{E7DD34E9-0511-4D18-94F4-54CCF9AA29B4}.Release|Any CPU.ActiveCfg = Release|Any CPU
		{E7DD34E9-0511-4D18-94F4-54CCF9AA29B4}.Release|Any CPU.Build.0 = Release|Any CPU
		{AB9C1235-5810-4AA0-B337-6386FC8FE8CE}.Debug|Any CPU.ActiveCfg = Debug|Any CPU
		{AB9C1235-5810-4AA0-B337-6386FC8FE8CE}.Debug|Any CPU.Build.0 = Debug|Any CPU
		{AB9C1235-5810-4AA0-B337-6386FC8FE8CE}.Release|Any CPU.ActiveCfg = Release|Any CPU
		{AB9C1235-5810-4AA0-B337-6386FC8FE8CE}.Release|Any CPU.Build.0 = Release|Any CPU
		{C5AF6D1B-E2B0-4A8D-908B-E8AF55E1645E}.Debug|Any CPU.ActiveCfg = Debug|Any CPU
		{C5AF6D1B-E2B0-4A8D-908B-E8AF55E1645E}.Debug|Any CPU.Build.0 = Debug|Any CPU
		{C5AF6D1B-E2B0-4A8D-908B-E8AF55E1645E}.Release|Any CPU.ActiveCfg = Release|Any CPU
		{C5AF6D1B-E2B0-4A8D-908B-E8AF55E1645E}.Release|Any CPU.Build.0 = Release|Any CPU
	EndGlobalSection
	GlobalSection(SolutionProperties) = preSolution
		HideSolutionNode = FALSE
	EndGlobalSection
	GlobalSection(ExtensibilityGlobals) = postSolution
		SolutionGuid = {30F6A0F7-9CC8-4FBC-95AF-F65A67CF413C}
	EndGlobalSection
EndGlobal
