
Microsoft Visual Studio Solution File, Format Version 12.00
# Visual Studio 15
VisualStudioVersion = 15.0.26430.16
MinimumVisualStudioVersion = 10.0.40219.1
Project("{FAE04EC0-301F-11D3-BF4B-00C04F79EFBC}") = "NetProxy.Service", "NetProxy.Service\NetProxy.Service.csproj", "{7D5E2D00-6EEF-4B80-B88D-B6E0841822E2}"
EndProject
Project("{FAE04EC0-301F-11D3-BF4B-00C04F79EFBC}") = "NetProxy.Library", "NetProxy.Library\NetProxy.Library.csproj", "{5CD8C3B0-BA16-46D4-A844-93F5FDB0ADA5}"
EndProject
Project("{FAE04EC0-301F-11D3-BF4B-00C04F79EFBC}") = "NetProxy.Client", "NetProxy.Client\NetProxy.Client.csproj", "{3BD17CBF-5035-4C72-A144-7FA400039541}"
EndProject
Project("{FAE04EC0-301F-11D3-BF4B-00C04F79EFBC}") = "NetProxy.Hub", "NetProxy.Hub\NetProxy.Hub.csproj", "{09EAA666-FA60-445D-82CE-D11D78146524}"
EndProject
Project("{FAE04EC0-301F-11D3-BF4B-00C04F79EFBC}") = "SecureKeyExchange", "Secure-Key-Exchange\C#\SecureKeyExchange.csproj", "{41D8A197-E709-4953-B17E-6B24BE5A4F3A}"
EndProject
Global
	GlobalSection(SolutionConfigurationPlatforms) = preSolution
		Debug|Any CPU = Debug|Any CPU
		Release|Any CPU = Release|Any CPU
	EndGlobalSection
	GlobalSection(ProjectConfigurationPlatforms) = postSolution
		{7D5E2D00-6EEF-4B80-B88D-B6E0841822E2}.Debug|Any CPU.ActiveCfg = Debug|Any CPU
		{7D5E2D00-6EEF-4B80-B88D-B6E0841822E2}.Debug|Any CPU.Build.0 = Debug|Any CPU
		{7D5E2D00-6EEF-4B80-B88D-B6E0841822E2}.Release|Any CPU.ActiveCfg = Release|Any CPU
		{7D5E2D00-6EEF-4B80-B88D-B6E0841822E2}.Release|Any CPU.Build.0 = Release|Any CPU
		{5CD8C3B0-BA16-46D4-A844-93F5FDB0ADA5}.Debug|Any CPU.ActiveCfg = Debug|Any CPU
		{5CD8C3B0-BA16-46D4-A844-93F5FDB0ADA5}.Debug|Any CPU.Build.0 = Debug|Any CPU
		{5CD8C3B0-BA16-46D4-A844-93F5FDB0ADA5}.Release|Any CPU.ActiveCfg = Release|Any CPU
		{5CD8C3B0-BA16-46D4-A844-93F5FDB0ADA5}.Release|Any CPU.Build.0 = Release|Any CPU
		{3BD17CBF-5035-4C72-A144-7FA400039541}.Debug|Any CPU.ActiveCfg = Debug|Any CPU
		{3BD17CBF-5035-4C72-A144-7FA400039541}.Debug|Any CPU.Build.0 = Debug|Any CPU
		{3BD17CBF-5035-4C72-A144-7FA400039541}.Release|Any CPU.ActiveCfg = Release|Any CPU
		{3BD17CBF-5035-4C72-A144-7FA400039541}.Release|Any CPU.Build.0 = Release|Any CPU
		{09EAA666-FA60-445D-82CE-D11D78146524}.Debug|Any CPU.ActiveCfg = Debug|Any CPU
		{09EAA666-FA60-445D-82CE-D11D78146524}.Debug|Any CPU.Build.0 = Debug|Any CPU
		{09EAA666-FA60-445D-82CE-D11D78146524}.Release|Any CPU.ActiveCfg = Release|Any CPU
		{09EAA666-FA60-445D-82CE-D11D78146524}.Release|Any CPU.Build.0 = Release|Any CPU
		{41D8A197-E709-4953-B17E-6B24BE5A4F3A}.Debug|Any CPU.ActiveCfg = Debug|Any CPU
		{41D8A197-E709-4953-B17E-6B24BE5A4F3A}.Debug|Any CPU.Build.0 = Debug|Any CPU
		{41D8A197-E709-4953-B17E-6B24BE5A4F3A}.Release|Any CPU.ActiveCfg = Release|Any CPU
		{41D8A197-E709-4953-B17E-6B24BE5A4F3A}.Release|Any CPU.Build.0 = Release|Any CPU
	EndGlobalSection
	GlobalSection(SolutionProperties) = preSolution
		HideSolutionNode = FALSE
	EndGlobalSection
	GlobalSection(ExtensibilityGlobals) = postSolution
		SolutionGuid = {87A17EB3-DD18-4E84-B0B5-32F1E26ECEF3}
	EndGlobalSection
EndGlobal
